# generated by rye
# use `rye lock` or `rye sync` to update this lockfile
#
# last locked with the following flags:
#   pre: false
#   features: []
#   all-features: false

-e file:.
aiofiles==23.2.1
aiohttp==3.8.5
aiosignal==1.3.1
annotated-types==0.5.0
anyio==3.7.1
appnope==0.1.3
asttokens==2.2.1
async-timeout==4.0.3
asyncio==3.4.3
asyncpg==0.28.0
attrs==23.1.0
backcall==0.2.0
blinker==1.6.2
boto3==1.28.35
botocore==1.31.35
brotli==1.1.0
certifi==2023.7.22
charset-normalizer==3.2.0
click==8.1.7
comm==0.1.4
configargparse==1.7
coverage==7.3.0
debugpy==1.8.0
decorator==5.1.1
dlib==19.24.2
executing==1.2.0
face-recognition==1.3.0
face-recognition-models==0.3.0
fastapi==0.101.1
fastapi-pagination==0.12.9
fineai-task-schema @ git+https://robot:b37b72ff3562754b870e265aafe2d795464e3202@gitea.vmovier.cc/fineai/fineai-task-schema.git@v0.3.0
flask==2.3.3
flask-basicauth==0.2.0
flask-cors==4.0.0
frozenlist==1.4.0
gevent==23.9.0.post1
geventhttpclient==2.0.10
greenlet==2.0.2
h11==0.14.0
hashids==1.3.1
idna==3.4
inflect==7.0.0
iniconfig==2.0.0
ipykernel==6.25.2
ipython==8.14.0
itsdangerous==2.1.2
jedi==0.19.0
jinja2==3.1.2
jmespath==1.0.1
jupyter-client==8.3.1
jupyter-core==5.3.1
kazoo==2.9.0
locust==2.16.1
locust-plugins==4.0.0
markupsafe==2.1.3
matplotlib-inline==0.1.6
msgpack==1.0.5
multidict==6.0.4
nest-asyncio==1.5.8
numpy==1.25.2
packaging==23.1
parso==0.8.3
pexpect==4.8.0
pickleshare==0.7.5
pika==1.3.2
pillow==10.0.0
platformdirs==3.10.0
pluggy==1.2.0
prompt-toolkit==3.0.39
psutil==5.9.5
psycopg==3.1.10
psycopg-binary==3.1.10
psycopg2-binary==2.9.7
ptyprocess==0.7.0
pure-eval==0.2.2
pydantic==2.2.1
pydantic-core==2.6.1
pydantic-settings==2.0.3
pygments==2.16.1
pyjwt==2.8.0
pytest==7.4.0
pytest-asyncio==0.21.1
python-dateutil==2.8.2
python-dotenv==1.0.0
pyzmq==25.1.1
requests==2.31.0
retrying==1.3.4
roundrobin==0.0.4
ruff==0.0.285
s3transfer==0.6.2
six==1.16.0
sniffio==1.3.0
sqlacodegen-v2==0.1.4
sqlakeyset==2.0.1691149549
sqlalchemy==2.0.20
stack-data==0.6.2
starlette==0.27.0
tornado==6.3.3
traitlets==5.9.0
typing-extensions==4.7.1
urllib3==1.26.16
uvicorn==0.23.2
wcwidth==0.2.6
werkzeug==2.3.7
yarl==1.9.2
zope-event==5.0
zope-interface==6.0
# The following packages are considered to be unsafe in a requirements file:
pip==23.2.1
setuptools==68.2.0
